// !$*UTF8*$!
{
	archiveVersion = 1;
	classes = {
	};
	objectVersion = 50;
	objects = {

/* Begin PBXBuildFile section */
		FDF9A29023D3FF67008F5FFE /* AppDelegate.swift in Sources */ = {isa = PBXBuildFile; fileRef = FDF9A28F23D3FF67008F5FFE /* AppDelegate.swift */; };
		FDF9A29223D3FF67008F5FFE /* SceneDelegate.swift in Sources */ = {isa = PBXBuildFile; fileRef = FDF9A29123D3FF67008F5FFE /* SceneDelegate.swift */; };
		FDF9A29423D3FF67008F5FFE /* ViewController.swift in Sources */ = {isa = PBXBuildFile; fileRef = FDF9A29323D3FF67008F5FFE /* ViewController.swift */; };
		FDF9A29723D3FF67008F5FFE /* Main.storyboard in Resources */ = {isa = PBXBuildFile; fileRef = FDF9A29523D3FF67008F5FFE /* Main.storyboard */; };
		FDF9A29923D3FF68008F5FFE /* Assets.xcassets in Resources */ = {isa = PBXBuildFile; fileRef = FDF9A29823D3FF68008F5FFE /* Assets.xcassets */; };
		FDF9A29C23D3FF68008F5FFE /* LaunchScreen.storyboard in Resources */ = {isa = PBXBuildFile; fileRef = FDF9A29A23D3FF68008F5FFE /* LaunchScreen.storyboard */; };
/* End PBXBuildFile section */

/* Begin PBXFileReference section */
		FDF9A28C23D3FF67008F5FFE /* operate_music_ios.app */ = {isa = PBXFileReference; explicitFileType = wrapper.application; includeInIndex = 0; path = operate_music_ios.app; sourceTree = BUILT_PRODUCTS_DIR; };
		FDF9A28F23D3FF67008F5FFE /* AppDelegate.swift */ = {isa = PBXFileReference; lastKnownFileType = sourcecode.swift; path = AppDelegate.swift; sourceTree = "<group>"; };
		FDF9A29123D3FF67008F5FFE /* SceneDelegate.swift */ = {isa = PBXFileReference; lastKnownFileType = sourcecode.swift; path = SceneDelegate.swift; sourceTree = "<group>"; };
		FDF9A29323D3FF67008F5FFE /* ViewController.swift */ = {isa = PBXFileReference; lastKnownFileType = sourcecode.swift; path = ViewController.swift; sourceTree = "<group>"; };
		FDF9A29623D3FF67008F5FFE /* Base */ = {isa = PBXFileReference; lastKnownFileType = file.storyboard; name = Base; path = Base.lproj/Main.storyboard; sourceTree = "<group>"; };
		FDF9A29823D3FF68008F5FFE /* Assets.xcassets */ = {isa = PBXFileReference; lastKnownFileType = folder.assetcatalog; path = Assets.xcassets; sourceTree = "<group>"; };
		FDF9A29B23D3FF68008F5FFE /* Base */ = {isa = PBXFileReference; lastKnownFileType = file.storyboard; name = Base; path = Base.lproj/LaunchScreen.storyboard; sourceTree = "<group>"; };
		FDF9A29D23D3FF68008F5FFE /* Info.plist */ = {isa = PBXFileReference; lastKnownFileType = text.plist.xml; path = Info.plist; sourceTree = "<group>"; };
/* End PBXFileReference section */

/* Begin PBXFrameworksBuildPhase section */
		FDF9A28923D3FF67008F5FFE /* Frameworks */ = {
			isa = PBXFrameworksBuildPhase;
			buildActionMask = 2147483647;
			files = (
			);
			runOnlyForDeploymentPostprocessing = 0;
		};
/* End PBXFrameworksBuildPhase section */

/* Begin PBXGroup section */
		FDF9A28323D3FF67008F5FFE = {
			isa = PBXGroup;
			children = (
				FDF9A28E23D3FF67008F5FFE /* operate_music_ios */,
				FDF9A28D23D3FF67008F5FFE /* Products */,
			);
			sourceTree = "<group>";
		};
		FDF9A28D23D3FF67008F5FFE /* Products */ = {
			isa = PBXGroup;
			children = (
				FDF9A28C23D3FF67008F5FFE /* operate_music_ios.app */,
			);
			name = Products;
			sourceTree = "<group>";
		};
		FDF9A28E23D3FF67008F5FFE /* operate_music_ios */ = {
			isa = PBXGroup;
			children = (
				FDF9A28F23D3FF67008F5FFE /* AppDelegate.swift */,
				FDF9A29123D3FF67008F5FFE /* SceneDelegate.swift */,
				FDF9A29323D3FF67008F5FFE /* ViewController.swift */,
				FDF9A29523D3FF67008F5FFE /* Main.storyboard */,
				FDF9A29823D3FF68008F5FFE /* Assets.xcassets */,
				FDF9A29A23D3FF68008F5FFE /* LaunchScreen.storyboard */,
				FDF9A29D23D3FF68008F5FFE /* Info.plist */,
			);
			path = operate_music_ios;
			sourceTree = "<group>";
		};
/* End PBXGroup section */

/* Begin PBXNativeTarget section */
		FDF9A28B23D3FF67008F5FFE /* operate_music_ios */ = {
			isa = PBXNativeTarget;
			buildConfigurationList = FDF9A2A023D3FF68008F5FFE /* Build configuration list for PBXNativeTarget "operate_music_ios" */;
			buildPhases = (
				FDF9A28823D3FF67008F5FFE /* Sources */,
				FDF9A28923D3FF67008F5FFE /* Frameworks */,
				FDF9A28A23D3FF67008F5FFE /* Resources */,
			);
			buildRules = (
			);
			dependencies = (
			);
			name = operate_music_ios;
			productName = operate_music_ios;
			productReference = FDF9A28C23D3FF67008F5FFE /* operate_music_ios.app */;
			productType = "com.apple.product-type.application";
		};
/* End PBXNativeTarget section */

/* Begin PBXProject section */
		FDF9A28423D3FF67008F5FFE /* Project object */ = {
			isa = PBXProject;
			attributes = {
				LastSwiftUpdateCheck = 1120;
				LastUpgradeCheck = 1120;
				ORGANIZATIONNAME = "ibuki iida";
				TargetAttributes = {
					FDF9A28B23D3FF67008F5FFE = {
						CreatedOnToolsVersion = 11.2.1;
					};
				};
			};
			buildConfigurationList = FDF9A28723D3FF67008F5FFE /* Build configuration list for PBXProject "operate_music_ios" */;
			compatibilityVersion = "Xcode 9.3";
			developmentRegion = en;
			hasScannedForEncodings = 0;
			knownRegions = (
				en,
				Base,
			);
			mainGroup = FDF9A28323D3FF67008F5FFE;
			productRefGroup = FDF9A28D23D3FF67008F5FFE /* Products */;
			projectDirPath = "";
			projectRoot = "";
			targets = (
				FDF9A28B23D3FF67008F5FFE /* operate_music_ios */,
			);
		};
/* End PBXProject section */

/* Begin PBXResourcesBuildPhase section */
		FDF9A28A23D3FF67008F5FFE /* Resources */ = {
			isa = PBXResourcesBuildPhase;
			buildActionMask = 2147483647;
			files = (
				FDF9A29C23D3FF68008F5FFE /* LaunchScreen.storyboard in Resources */,
				FDF9A29923D3FF68008F5FFE /* Assets.xcassets in Resources */,
				FDF9A29723D3FF67008F5FFE /* Main.storyboard in Resources */,
			);
			runOnlyForDeploymentPostprocessing = 0;
		};
/* End PBXResourcesBuildPhase section */

/* Begin PBXSourcesBuildPhase section */
		FDF9A28823D3FF67008F5FFE /* Sources */ = {
			isa = PBXSourcesBuildPhase;
			buildActionMask = 2147483647;
			files = (
				FDF9A29423D3FF67008F5FFE /* ViewController.swift in Sources */,
				FDF9A29023D3FF67008F5FFE /* AppDelegate.swift in Sources */,
				FDF9A29223D3FF67008F5FFE /* SceneDelegate.swift in Sources */,
			);
			runOnlyForDeploymentPostprocessing = 0;
		};
/* End PBXSourcesBuildPhase section */

/* Begin PBXVariantGroup section */
		FDF9A29523D3FF67008F5FFE /* Main.storyboard */ = {
			isa = PBXVariantGroup;
			children = (
				FDF9A29623D3FF67008F5FFE /* Base */,
			);
			name = Main.storyboard;
			sourceTree = "<group>";
		};
		FDF9A29A23D3FF68008F5FFE /* LaunchScreen.storyboard */ = {
			isa = PBXVariantGroup;
			children = (
				FDF9A29B23D3FF68008F5FFE /* Base */,
			);
			name = LaunchScreen.storyboard;
			sourceTree = "<group>";
		};
/* End PBXVariantGroup section */

/* Begin XCBuildConfiguration section */
		FDF9A29E23D3FF68008F5FFE /* Debug */ = {
			isa = XCBuildConfiguration;
			buildSettings = {
				ALWAYS_SEARCH_USER_PATHS = NO;
				CLANG_ANALYZER_NONNULL = YES;
				CLANG_ANALYZER_NUMBER_OBJECT_CONVERSION = YES_AGGRESSIVE;
				CLANG_CXX_LANGUAGE_STANDARD = "gnu++14";
				CLANG_CXX_LIBRARY = "libc++";
				CLANG_ENABLE_MODULES = YES;
				CLANG_ENABLE_OBJC_ARC = YES;
				CLANG_ENABLE_OBJC_WEAK = YES;
				CLANG_WARN_BLOCK_CAPTURE_AUTORELEASING = YES;
				CLANG_WARN_BOOL_CONVERSION = YES;
				CLANG_WARN_COMMA = YES;
				CLANG_WARN_CONSTANT_CONVERSION = YES;
				CLANG_WARN_DEPRECATED_OBJC_IMPLEMENTATIONS = YES;
				CLANG_WARN_DIRECT_OBJC_ISA_USAGE = YES_ERROR;
				CLANG_WARN_DOCUMENTATION_COMMENTS = YES;
				CLANG_WARN_EMPTY_BODY = YES;
				CLANG_WARN_ENUM_CONVERSION = YES;
				CLANG_WARN_INFINITE_RECURSION = YES;
				CLANG_WARN_INT_CONVERSION = YES;
				CLANG_WARN_NON_LITERAL_NULL_CONVERSION = YES;
				CLANG_WARN_OBJC_IMPLICIT_RETAIN_SELF = YES;
				CLANG_WARN_OBJC_LITERAL_CONVERSION = YES;
				CLANG_WARN_OBJC_ROOT_CLASS = YES_ERROR;
				CLANG_WARN_RANGE_LOOP_ANALYSIS = YES;
				CLANG_WARN_STRICT_PROTOTYPES = YES;
				CLANG_WARN_SUSPICIOUS_MOVE = YES;
				CLANG_WARN_UNGUARDED_AVAILABILITY = YES_AGGRESSIVE;
				CLANG_WARN_UNREACHABLE_CODE = YES;
				CLANG_WARN__DUPLICATE_METHOD_MATCH = YES;
				COPY_PHASE_STRIP = NO;
				DEBUG_INFORMATION_FORMAT = dwarf;
				ENABLE_STRICT_OBJC_MSGSEND = YES;
				ENABLE_TESTABILITY = YES;
				GCC_C_LANGUAGE_STANDARD = gnu11;
				GCC_DYNAMIC_NO_PIC = NO;
				GCC_NO_COMMON_BLOCKS = YES;
				GCC_OPTIMIZATION_LEVEL = 0;
				GCC_PREPROCESSOR_DEFINITIONS = (
					"DEBUG=1",
					"$(inherited)",
				);
				GCC_WARN_64_TO_32_BIT_CONVERSION = YES;
				GCC_WARN_ABOUT_RETURN_TYPE = YES_ERROR;
				GCC_WARN_UNDECLARED_SELECTOR = YES;
				GCC_WARN_UNINITIALIZED_AUTOS = YES_AGGRESSIVE;
				GCC_WARN_UNUSED_FUNCTION = YES;
				GCC_WARN_UNUSED_VARIABLE = YES;
				IPHONEOS_DEPLOYMENT_TARGET = 13.2;
				MTL_ENABLE_DEBUG_INFO = INCLUDE_SOURCE;
				MTL_FAST_MATH = YES;
				ONLY_ACTIVE_ARCH = YES;
				SDKROOT = iphoneos;
				SWIFT_ACTIVE_COMPILATION_CONDITIONS = DEBUG;
				SWIFT_OPTIMIZATION_LEVEL = "-Onone";
			};
			name = Debug;
		};
		FDF9A29F23D3FF68008F5FFE /* Release */ = {
			isa = XCBuildConfiguration;
			buildSettings = {
				ALWAYS_SEARCH_USER_PATHS = NO;
				CLANG_ANALYZER_NONNULL = YES;
				CLANG_ANALYZER_NUMBER_OBJECT_CONVERSION = YES_AGGRESSIVE;
				CLANG_CXX_LANGUAGE_STANDARD = "gnu++14";
				CLANG_CXX_LIBRARY = "libc++";
				CLANG_ENABLE_MODULES = YES;
				CLANG_ENABLE_OBJC_ARC = YES;
				CLANG_ENABLE_OBJC_WEAK = YES;
				CLANG_WARN_BLOCK_CAPTURE_AUTORELEASING = YES;
				CLANG_WARN_BOOL_CONVERSION = YES;
				CLANG_WARN_COMMA = YES;
				CLANG_WARN_CONSTANT_CONVERSION = YES;
				CLANG_WARN_DEPRECATED_OBJC_IMPLEMENTATIONS = YES;
				CLANG_WARN_DIRECT_OBJC_ISA_USAGE = YES_ERROR;
				CLANG_WARN_DOCUMENTATION_COMMENTS = YES;
				CLANG_WARN_EMPTY_BODY = YES;
				CLANG_WARN_ENUM_CONVERSION = YES;
				CLANG_WARN_INFINITE_RECURSION = YES;
				CLANG_WARN_INT_CONVERSION = YES;
				CLANG_WARN_NON_LITERAL_NULL_CONVERSION = YES;
				CLANG_WARN_OBJC_IMPLICIT_RETAIN_SELF = YES;
				CLANG_WARN_OBJC_LITERAL_CONVERSION = YES;
				CLANG_WARN_OBJC_ROOT_CLASS = YES_ERROR;
				CLANG_WARN_RANGE_LOOP_ANALYSIS = YES;
				CLANG_WARN_STRICT_PROTOTYPES = YES;
				CLANG_WARN_SUSPICIOUS_MOVE = YES;
				CLANG_WARN_UNGUARDED_AVAILABILITY = YES_AGGRESSIVE;
				CLANG_WARN_UNREACHABLE_CODE = YES;
				CLANG_WARN__DUPLICATE_METHOD_MATCH = YES;
				COPY_PHASE_STRIP = NO;
				DEBUG_INFORMATION_FORMAT = "dwarf-with-dsym";
				ENABLE_NS_ASSERTIONS = NO;
				ENABLE_STRICT_OBJC_MSGSEND = YES;
				GCC_C_LANGUAGE_STANDARD = gnu11;
				GCC_NO_COMMON_BLOCKS = YES;
				GCC_WARN_64_TO_32_BIT_CONVERSION = YES;
				GCC_WARN_ABOUT_RETURN_TYPE = YES_ERROR;
				GCC_WARN_UNDECLARED_SELECTOR = YES;
				GCC_WARN_UNINITIALIZED_AUTOS = YES_AGGRESSIVE;
				GCC_WARN_UNUSED_FUNCTION = YES;
				GCC_WARN_UNUSED_VARIABLE = YES;
				IPHONEOS_DEPLOYMENT_TARGET = 13.2;
				MTL_ENABLE_DEBUG_INFO = NO;
				MTL_FAST_MATH = YES;
				SDKROOT = iphoneos;
				SWIFT_COMPILATION_MODE = wholemodule;
				SWIFT_OPTIMIZATION_LEVEL = "-O";
				VALIDATE_PRODUCT = YES;
			};
			name = Release;
		};
		FDF9A2A123D3FF68008F5FFE /* Debug */ = {
			isa = XCBuildConfiguration;
			buildSettings = {
				ASSETCATALOG_COMPILER_APPICON_NAME = AppIcon;
				CODE_SIGN_STYLE = Automatic;
				DEVELOPMENT_TEAM = V256X7VQ56;
				INFOPLIST_FILE = operate_music_ios/Info.plist;
				IPHONEOS_DEPLOYMENT_TARGET = 13.0;
				LD_RUNPATH_SEARCH_PATHS = (
					"$(inherited)",
					"@executable_path/Frameworks",
				);
				PRODUCT_BUNDLE_IDENTIFIER = "ibuki.iida.operate-music-ios";
				PRODUCT_NAME = "$(TARGET_NAME)";
				SWIFT_VERSION = 5.0;
				TARGETED_DEVICE_FAMILY = "1,2";
			};
			name = Debug;
		};
		FDF9A2A223D3FF68008F5FFE /* Release */ = {
			isa = XCBuildConfiguration;
			buildSettings = {
				ASSETCATALOG_COMPILER_APPICON_NAME = AppIcon;
				CODE_SIGN_STYLE = Automatic;
				DEVELOPMENT_TEAM = V256X7VQ56;
				INFOPLIST_FILE = operate_music_ios/Info.plist;
				IPHONEOS_DEPLOYMENT_TARGET = 13.0;
				LD_RUNPATH_SEARCH_PATHS = (
					"$(inherited)",
					"@executable_path/Frameworks",
				);
				PRODUCT_BUNDLE_IDENTIFIER = "ibuki.iida.operate-music-ios";
				PRODUCT_NAME = "$(TARGET_NAME)";
				SWIFT_VERSION = 5.0;
				TARGETED_DEVICE_FAMILY = "1,2";
			};
			name = Release;
		};
/* End XCBuildConfiguration section */

/* Begin XCConfigurationList section */
		FDF9A28723D3FF67008F5FFE /* Build configuration list for PBXProject "operate_music_ios" */ = {
			isa = XCConfigurationList;
			buildConfigurations = (
				FDF9A29E23D3FF68008F5FFE /* Debug */,
				FDF9A29F23D3FF68008F5FFE /* Release */,
			);
			defaultConfigurationIsVisible = 0;
			defaultConfigurationName = Release;
		};
		FDF9A2A023D3FF68008F5FFE /* Build configuration list for PBXNativeTarget "operate_music_ios" */ = {
			isa = XCConfigurationList;
			buildConfigurations = (
				FDF9A2A123D3FF68008F5FFE /* Debug */,
				FDF9A2A223D3FF68008F5FFE /* Release */,
			);
			defaultConfigurationIsVisible = 0;
			defaultConfigurationName = Release;
		};
/* End XCConfigurationList section */
	};
	rootObject = FDF9A28423D3FF67008F5FFE /* Project object */;
}
